
Microsoft Visual Studio Solution File, Format Version 12.00
# Visual Studio Version 16
VisualStudioVersion = 16.0.30413.136
MinimumVisualStudioVersion = 10.0.40219.1
Project("{FAE04EC0-301F-11D3-BF4B-00C04F79EFBC}") = "6_task", "6_task\6_task.csproj", "{A71061B4-421D-4782-9EBA-E4D1632C7303}"
EndProject
Global
	GlobalSection(SolutionConfigurationPlatforms) = preSolution
		Debug|Any CPU = Debug|Any CPU
		Release|Any CPU = Release|Any CPU
	EndGlobalSection
	GlobalSection(ProjectConfigurationPlatforms) = postSolution
		{A71061B4-421D-4782-9EBA-E4D1632C7303}.Debug|Any CPU.ActiveCfg = Debug|Any CPU
		{A71061B4-421D-4782-9EBA-E4D1632C7303}.Debug|Any CPU.Build.0 = Debug|Any CPU
		{A71061B4-421D-4782-9EBA-E4D1632C7303}.Release|Any CPU.ActiveCfg = Release|Any CPU
		{A71061B4-421D-4782-9EBA-E4D1632C7303}.Release|Any CPU.Build.0 = Release|Any CPU
	EndGlobalSection
	GlobalSection(SolutionProperties) = preSolution
		HideSolutionNode = FALSE
	EndGlobalSection
	GlobalSection(ExtensibilityGlobals) = postSolution
		SolutionGuid = {449A22E0-2865-432C-BE4D-F18656D01F5B}
	EndGlobalSection
EndGlobal
